
Microsoft Visual Studio Solution File, Format Version 12.00
# Visual Studio Version 16
VisualStudioVersion = 16.0.29411.108
MinimumVisualStudioVersion = 10.0.40219.1
Project("{2150E333-8FDC-42A3-9474-1A3956D46DE8}") = "Api", "Api", "{9740BF75-7D3D-438A-8727-CBA74A1439D2}"
EndProject
Project("{9A19103F-16F7-4668-BE54-9A1E7A4F7556}") = "Jasmine.Abs.Api", "Api\Jasmine.Abs.Api\Jasmine.Abs.Api.csproj", "{A2C694C7-9959-4753-89EF-B80B1306C791}"
EndProject
Project("{9A19103F-16F7-4668-BE54-9A1E7A4F7556}") = "Jasmine.Abs.Entities", "Api\Jasmine.Abs.Entities\Jasmine.Abs.Entities.csproj", "{E5D3B85A-4FA0-4D0A-8CD4-94C520F2CC1E}"
EndProject
Project("{9A19103F-16F7-4668-BE54-9A1E7A4F7556}") = "Jasmine.Abs.Lookup", "Api\Jasmine.Abs.Lookup\Jasmine.Abs.Lookup.csproj", "{0AF21880-0406-4352-BADD-73C34116FE36}"
EndProject
Project("{9A19103F-16F7-4668-BE54-9A1E7A4F7556}") = "Nano3.Core", "Nano3.Core\Nano3.Core.csproj", "{B38144FE-9B1C-43E3-8A7F-DF45527D7E5F}"
EndProject
Project("{9A19103F-16F7-4668-BE54-9A1E7A4F7556}") = "Nano3.Core.Tests", "Nano3.Core.Tests\Nano3.Core.Tests.csproj", "{3EB95BFA-E848-424E-A9AA-400BE95D4B30}"
EndProject
Project("{2150E333-8FDC-42A3-9474-1A3956D46DE8}") = "gRpc", "gRpc", "{E9CA4168-75D8-4600-A152-A6DE72B5AB42}"
EndProject
Project("{9A19103F-16F7-4668-BE54-9A1E7A4F7556}") = "GrpcService", "gRPC\GrpcService\GrpcService.csproj", "{92D8DF5F-70FB-4EBD-889B-3E013A773C27}"
EndProject
Project("{9A19103F-16F7-4668-BE54-9A1E7A4F7556}") = "gRpcClient", "gRPC\gRpcClient\gRpcClient.csproj", "{8678C083-9F77-46B2-A8D8-A325818FD652}"
EndProject
Project("{9A19103F-16F7-4668-BE54-9A1E7A4F7556}") = "gRpcClient1", "gRPC\gRpcClient1\gRpcClient1.csproj", "{3DF6C176-5E32-46A1-9C6D-39DC006F13A8}"
EndProject
Project("{2150E333-8FDC-42A3-9474-1A3956D46DE8}") = "Wpf", "Wpf", "{393DC331-0AA6-4B5D-B672-8A4A31C985F2}"
EndProject
Project("{9A19103F-16F7-4668-BE54-9A1E7A4F7556}") = "PrismSampleApp", "Wpf\PrismSampleApp\PrismSampleApp.csproj", "{A13C1D0E-DACF-48C1-AE7B-5C7138961088}"
EndProject
Project("{2150E333-8FDC-42A3-9474-1A3956D46DE8}") = "Jasmine", "Jasmine", "{E338A0F0-C251-4510-9734-50296EECEBDE}"
EndProject
Project("{FAE04EC0-301F-11D3-BF4B-00C04F79EFBC}") = "Jasmine.Core", "Jasmine\Jasmine.Core\Jasmine.Core.csproj", "{992C0B09-285A-4BFB-9F4A-904D2F51D457}"
EndProject
Project("{9A19103F-16F7-4668-BE54-9A1E7A4F7556}") = "gRPCSelfHost", "gRPC\gRPCSelfHost\gRPCSelfHost.csproj", "{D139C84E-8877-4A1B-8AF3-3A259D491F7C}"
EndProject
Project("{2150E333-8FDC-42A3-9474-1A3956D46DE8}") = "GraphQL", "GraphQL", "{6BE46CBE-A2B7-4325-A880-DF055C940F29}"
EndProject
Project("{2150E333-8FDC-42A3-9474-1A3956D46DE8}") = "Blazor", "Blazor", "{6CB6A089-CAD9-4C1B-9DBB-7D94D191F152}"
EndProject
Project("{9A19103F-16F7-4668-BE54-9A1E7A4F7556}") = "Jasmine.Blazor.Server", "Blazor\Jasmine.Blazor.Server\Jasmine.Blazor.Server.csproj", "{C8090C43-ED48-465B-80D6-1E3358B8EC37}"
EndProject
Project("{2150E333-8FDC-42A3-9474-1A3956D46DE8}") = "IDP", "IDP", "{C5BA1CCE-D4FB-458C-88DA-EE2D2E50D9EE}"
EndProject
Project("{2150E333-8FDC-42A3-9474-1A3956D46DE8}") = "IS4", "IS4", "{3ACC1725-8F3A-4CA0-8689-F739A71C33B4}"
EndProject
Project("{9A19103F-16F7-4668-BE54-9A1E7A4F7556}") = "IDP", "IS4\IDP\IDP.csproj", "{F9B50EFA-0A4D-4626-924C-1953C5EB5555}"
EndProject
Project("{2150E333-8FDC-42A3-9474-1A3956D46DE8}") = "is4admin", "is4admin", "{501BC5F8-B875-4311-96C6-5979F5FBD2C9}"
EndProject
Project("{9A19103F-16F7-4668-BE54-9A1E7A4F7556}") = "is4admin", "IS4\is4admin\is4admin.csproj", "{3659E472-527F-43A0-B9F1-893C5DC31147}"
EndProject
Project("{2150E333-8FDC-42A3-9474-1A3956D46DE8}") = "is4ef", "is4ef", "{21AEBDFA-1520-4BB8-9E49-F1591A18FD4F}"
EndProject
Project("{9A19103F-16F7-4668-BE54-9A1E7A4F7556}") = "is4ef", "IS4\is4ef\is4ef.csproj", "{7319A024-4395-4C3D-AEE3-E13588B609A1}"
EndProject
Project("{2150E333-8FDC-42A3-9474-1A3956D46DE8}") = "is4empty", "is4empty", "{E3A2C062-2829-4488-9CA4-7B9E3760F7D6}"
EndProject
Project("{9A19103F-16F7-4668-BE54-9A1E7A4F7556}") = "is4empty", "IS4\is4empty\is4empty.csproj", "{10FDDB21-6222-4E50-BE76-5E84234C11C7}"
EndProject
Project("{9A19103F-16F7-4668-BE54-9A1E7A4F7556}") = "GrpcClientForNashath", "GrpcClientForNashath\GrpcClientForNashath.csproj", "{5AC8411B-EDB3-4D1C-9673-A8333E0E6196}"
EndProject
Project("{9A19103F-16F7-4668-BE54-9A1E7A4F7556}") = "DevExpress.Blazor.Server", "Blazor\DevExpress.Blazor.Server\DevExpress.Blazor.Server.csproj", "{5D3D061E-A606-4DB3-BE97-A42C204B0BEB}"
EndProject
Project("{FAE04EC0-301F-11D3-BF4B-00C04F79EFBC}") = "BlazorWithIdentity", "Blazor\BlazorWithIdentity\BlazorWithIdentity.csproj", "{9D2B1F5D-854E-4972-BF59-F80DD1237600}"
EndProject
Project("{2150E333-8FDC-42A3-9474-1A3956D46DE8}") = "is4aspid", "is4aspid", "{3307C750-1B26-456D-A31C-979D31D23A87}"
EndProject
Project("{9A19103F-16F7-4668-BE54-9A1E7A4F7556}") = "is4aspid", "IS4\is4aspid\is4aspid.csproj", "{A7C0BD8B-CBEE-4923-904B-1EDA504FDE44}"
EndProject
Global
	GlobalSection(SolutionConfigurationPlatforms) = preSolution
		Debug|Any CPU = Debug|Any CPU
		Debug|x64 = Debug|x64
		Publish|Any CPU = Publish|Any CPU
		Publish|x64 = Publish|x64
		Release|Any CPU = Release|Any CPU
		Release|x64 = Release|x64
	EndGlobalSection
	GlobalSection(ProjectConfigurationPlatforms) = postSolution
		{A2C694C7-9959-4753-89EF-B80B1306C791}.Debug|Any CPU.ActiveCfg = Debug|Any CPU
		{A2C694C7-9959-4753-89EF-B80B1306C791}.Debug|Any CPU.Build.0 = Debug|Any CPU
		{A2C694C7-9959-4753-89EF-B80B1306C791}.Debug|x64.ActiveCfg = Debug|Any CPU
		{A2C694C7-9959-4753-89EF-B80B1306C791}.Debug|x64.Build.0 = Debug|Any CPU
		{A2C694C7-9959-4753-89EF-B80B1306C791}.Publish|Any CPU.ActiveCfg = Debug|Any CPU
		{A2C694C7-9959-4753-89EF-B80B1306C791}.Publish|Any CPU.Build.0 = Debug|Any CPU
		{A2C694C7-9959-4753-89EF-B80B1306C791}.Publish|x64.ActiveCfg = Debug|Any CPU
		{A2C694C7-9959-4753-89EF-B80B1306C791}.Publish|x64.Build.0 = Debug|Any CPU
		{A2C694C7-9959-4753-89EF-B80B1306C791}.Release|Any CPU.ActiveCfg = Release|Any CPU
		{A2C694C7-9959-4753-89EF-B80B1306C791}.Release|Any CPU.Build.0 = Release|Any CPU
		{A2C694C7-9959-4753-89EF-B80B1306C791}.Release|x64.ActiveCfg = Release|Any CPU
		{A2C694C7-9959-4753-89EF-B80B1306C791}.Release|x64.Build.0 = Release|Any CPU
		{E5D3B85A-4FA0-4D0A-8CD4-94C520F2CC1E}.Debug|Any CPU.ActiveCfg = Debug|Any CPU
		{E5D3B85A-4FA0-4D0A-8CD4-94C520F2CC1E}.Debug|Any CPU.Build.0 = Debug|Any CPU
		{E5D3B85A-4FA0-4D0A-8CD4-94C520F2CC1E}.Debug|x64.ActiveCfg = Debug|Any CPU
		{E5D3B85A-4FA0-4D0A-8CD4-94C520F2CC1E}.Debug|x64.Build.0 = Debug|Any CPU
		{E5D3B85A-4FA0-4D0A-8CD4-94C520F2CC1E}.Publish|Any CPU.ActiveCfg = Debug|Any CPU
		{E5D3B85A-4FA0-4D0A-8CD4-94C520F2CC1E}.Publish|Any CPU.Build.0 = Debug|Any CPU
		{E5D3B85A-4FA0-4D0A-8CD4-94C520F2CC1E}.Publish|x64.ActiveCfg = Debug|Any CPU
		{E5D3B85A-4FA0-4D0A-8CD4-94C520F2CC1E}.Publish|x64.Build.0 = Debug|Any CPU
		{E5D3B85A-4FA0-4D0A-8CD4-94C520F2CC1E}.Release|Any CPU.ActiveCfg = Release|Any CPU
		{E5D3B85A-4FA0-4D0A-8CD4-94C520F2CC1E}.Release|Any CPU.Build.0 = Release|Any CPU
		{E5D3B85A-4FA0-4D0A-8CD4-94C520F2CC1E}.Release|x64.ActiveCfg = Release|Any CPU
		{E5D3B85A-4FA0-4D0A-8CD4-94C520F2CC1E}.Release|x64.Build.0 = Release|Any CPU
		{0AF21880-0406-4352-BADD-73C34116FE36}.Debug|Any CPU.ActiveCfg = Debug|Any CPU
		{0AF21880-0406-4352-BADD-73C34116FE36}.Debug|Any CPU.Build.0 = Debug|Any CPU
		{0AF21880-0406-4352-BADD-73C34116FE36}.Debug|x64.ActiveCfg = Debug|x64
		{0AF21880-0406-4352-BADD-73C34116FE36}.Debug|x64.Build.0 = Debug|x64
		{0AF21880-0406-4352-BADD-73C34116FE36}.Publish|Any CPU.ActiveCfg = Debug|Any CPU
		{0AF21880-0406-4352-BADD-73C34116FE36}.Publish|Any CPU.Build.0 = Debug|Any CPU
		{0AF21880-0406-4352-BADD-73C34116FE36}.Publish|x64.ActiveCfg = Release|x64
		{0AF21880-0406-4352-BADD-73C34116FE36}.Publish|x64.Build.0 = Release|x64
		{0AF21880-0406-4352-BADD-73C34116FE36}.Release|Any CPU.ActiveCfg = Release|Any CPU
		{0AF21880-0406-4352-BADD-73C34116FE36}.Release|Any CPU.Build.0 = Release|Any CPU
		{0AF21880-0406-4352-BADD-73C34116FE36}.Release|x64.ActiveCfg = Release|x64
		{0AF21880-0406-4352-BADD-73C34116FE36}.Release|x64.Build.0 = Release|x64
		{B38144FE-9B1C-43E3-8A7F-DF45527D7E5F}.Debug|Any CPU.ActiveCfg = Debug|Any CPU
		{B38144FE-9B1C-43E3-8A7F-DF45527D7E5F}.Debug|Any CPU.Build.0 = Debug|Any CPU
		{B38144FE-9B1C-43E3-8A7F-DF45527D7E5F}.Debug|x64.ActiveCfg = Debug|Any CPU
		{B38144FE-9B1C-43E3-8A7F-DF45527D7E5F}.Debug|x64.Build.0 = Debug|Any CPU
		{B38144FE-9B1C-43E3-8A7F-DF45527D7E5F}.Publish|Any CPU.ActiveCfg = Debug|Any CPU
		{B38144FE-9B1C-43E3-8A7F-DF45527D7E5F}.Publish|Any CPU.Build.0 = Debug|Any CPU
		{B38144FE-9B1C-43E3-8A7F-DF45527D7E5F}.Publish|x64.ActiveCfg = Debug|Any CPU
		{B38144FE-9B1C-43E3-8A7F-DF45527D7E5F}.Publish|x64.Build.0 = Debug|Any CPU
		{B38144FE-9B1C-43E3-8A7F-DF45527D7E5F}.Release|Any CPU.ActiveCfg = Release|Any CPU
		{B38144FE-9B1C-43E3-8A7F-DF45527D7E5F}.Release|Any CPU.Build.0 = Release|Any CPU
		{B38144FE-9B1C-43E3-8A7F-DF45527D7E5F}.Release|x64.ActiveCfg = Release|Any CPU
		{B38144FE-9B1C-43E3-8A7F-DF45527D7E5F}.Release|x64.Build.0 = Release|Any CPU
		{3EB95BFA-E848-424E-A9AA-400BE95D4B30}.Debug|Any CPU.ActiveCfg = Debug|Any CPU
		{3EB95BFA-E848-424E-A9AA-400BE95D4B30}.Debug|Any CPU.Build.0 = Debug|Any CPU
		{3EB95BFA-E848-424E-A9AA-400BE95D4B30}.Debug|x64.ActiveCfg = Debug|Any CPU
		{3EB95BFA-E848-424E-A9AA-400BE95D4B30}.Debug|x64.Build.0 = Debug|Any CPU
		{3EB95BFA-E848-424E-A9AA-400BE95D4B30}.Publish|Any CPU.ActiveCfg = Debug|Any CPU
		{3EB95BFA-E848-424E-A9AA-400BE95D4B30}.Publish|Any CPU.Build.0 = Debug|Any CPU
		{3EB95BFA-E848-424E-A9AA-400BE95D4B30}.Publish|x64.ActiveCfg = Debug|Any CPU
		{3EB95BFA-E848-424E-A9AA-400BE95D4B30}.Publish|x64.Build.0 = Debug|Any CPU
		{3EB95BFA-E848-424E-A9AA-400BE95D4B30}.Release|Any CPU.ActiveCfg = Release|Any CPU
		{3EB95BFA-E848-424E-A9AA-400BE95D4B30}.Release|Any CPU.Build.0 = Release|Any CPU
		{3EB95BFA-E848-424E-A9AA-400BE95D4B30}.Release|x64.ActiveCfg = Release|Any CPU
		{3EB95BFA-E848-424E-A9AA-400BE95D4B30}.Release|x64.Build.0 = Release|Any CPU
		{92D8DF5F-70FB-4EBD-889B-3E013A773C27}.Debug|Any CPU.ActiveCfg = Debug|Any CPU
		{92D8DF5F-70FB-4EBD-889B-3E013A773C27}.Debug|Any CPU.Build.0 = Debug|Any CPU
		{92D8DF5F-70FB-4EBD-889B-3E013A773C27}.Debug|x64.ActiveCfg = Debug|Any CPU
		{92D8DF5F-70FB-4EBD-889B-3E013A773C27}.Debug|x64.Build.0 = Debug|Any CPU
		{92D8DF5F-70FB-4EBD-889B-3E013A773C27}.Publish|Any CPU.ActiveCfg = Debug|Any CPU
		{92D8DF5F-70FB-4EBD-889B-3E013A773C27}.Publish|Any CPU.Build.0 = Debug|Any CPU
		{92D8DF5F-70FB-4EBD-889B-3E013A773C27}.Publish|x64.ActiveCfg = Debug|Any CPU
		{92D8DF5F-70FB-4EBD-889B-3E013A773C27}.Publish|x64.Build.0 = Debug|Any CPU
		{92D8DF5F-70FB-4EBD-889B-3E013A773C27}.Release|Any CPU.ActiveCfg = Release|Any CPU
		{92D8DF5F-70FB-4EBD-889B-3E013A773C27}.Release|Any CPU.Build.0 = Release|Any CPU
		{92D8DF5F-70FB-4EBD-889B-3E013A773C27}.Release|x64.ActiveCfg = Release|Any CPU
		{92D8DF5F-70FB-4EBD-889B-3E013A773C27}.Release|x64.Build.0 = Release|Any CPU
		{8678C083-9F77-46B2-A8D8-A325818FD652}.Debug|Any CPU.ActiveCfg = Debug|Any CPU
		{8678C083-9F77-46B2-A8D8-A325818FD652}.Debug|Any CPU.Build.0 = Debug|Any CPU
		{8678C083-9F77-46B2-A8D8-A325818FD652}.Debug|x64.ActiveCfg = Debug|Any CPU
		{8678C083-9F77-46B2-A8D8-A325818FD652}.Debug|x64.Build.0 = Debug|Any CPU
		{8678C083-9F77-46B2-A8D8-A325818FD652}.Publish|Any CPU.ActiveCfg = Debug|Any CPU
		{8678C083-9F77-46B2-A8D8-A325818FD652}.Publish|Any CPU.Build.0 = Debug|Any CPU
		{8678C083-9F77-46B2-A8D8-A325818FD652}.Publish|x64.ActiveCfg = Debug|Any CPU
		{8678C083-9F77-46B2-A8D8-A325818FD652}.Publish|x64.Build.0 = Debug|Any CPU
		{8678C083-9F77-46B2-A8D8-A325818FD652}.Release|Any CPU.ActiveCfg = Release|Any CPU
		{8678C083-9F77-46B2-A8D8-A325818FD652}.Release|Any CPU.Build.0 = Release|Any CPU
		{8678C083-9F77-46B2-A8D8-A325818FD652}.Release|x64.ActiveCfg = Release|Any CPU
		{8678C083-9F77-46B2-A8D8-A325818FD652}.Release|x64.Build.0 = Release|Any CPU
		{3DF6C176-5E32-46A1-9C6D-39DC006F13A8}.Debug|Any CPU.ActiveCfg = Debug|Any CPU
		{3DF6C176-5E32-46A1-9C6D-39DC006F13A8}.Debug|Any CPU.Build.0 = Debug|Any CPU
		{3DF6C176-5E32-46A1-9C6D-39DC006F13A8}.Debug|x64.ActiveCfg = Debug|Any CPU
		{3DF6C176-5E32-46A1-9C6D-39DC006F13A8}.Debug|x64.Build.0 = Debug|Any CPU
		{3DF6C176-5E32-46A1-9C6D-39DC006F13A8}.Publish|Any CPU.ActiveCfg = Debug|Any CPU
		{3DF6C176-5E32-46A1-9C6D-39DC006F13A8}.Publish|Any CPU.Build.0 = Debug|Any CPU
		{3DF6C176-5E32-46A1-9C6D-39DC006F13A8}.Publish|x64.ActiveCfg = Debug|Any CPU
		{3DF6C176-5E32-46A1-9C6D-39DC006F13A8}.Publish|x64.Build.0 = Debug|Any CPU
		{3DF6C176-5E32-46A1-9C6D-39DC006F13A8}.Release|Any CPU.ActiveCfg = Release|Any CPU
		{3DF6C176-5E32-46A1-9C6D-39DC006F13A8}.Release|Any CPU.Build.0 = Release|Any CPU
		{3DF6C176-5E32-46A1-9C6D-39DC006F13A8}.Release|x64.ActiveCfg = Release|Any CPU
		{3DF6C176-5E32-46A1-9C6D-39DC006F13A8}.Release|x64.Build.0 = Release|Any CPU
		{A13C1D0E-DACF-48C1-AE7B-5C7138961088}.Debug|Any CPU.ActiveCfg = Debug|Any CPU
		{A13C1D0E-DACF-48C1-AE7B-5C7138961088}.Debug|Any CPU.Build.0 = Debug|Any CPU
		{A13C1D0E-DACF-48C1-AE7B-5C7138961088}.Debug|x64.ActiveCfg = Debug|Any CPU
		{A13C1D0E-DACF-48C1-AE7B-5C7138961088}.Debug|x64.Build.0 = Debug|Any CPU
		{A13C1D0E-DACF-48C1-AE7B-5C7138961088}.Publish|Any CPU.ActiveCfg = Debug|Any CPU
		{A13C1D0E-DACF-48C1-AE7B-5C7138961088}.Publish|Any CPU.Build.0 = Debug|Any CPU
		{A13C1D0E-DACF-48C1-AE7B-5C7138961088}.Publish|x64.ActiveCfg = Debug|Any CPU
		{A13C1D0E-DACF-48C1-AE7B-5C7138961088}.Publish|x64.Build.0 = Debug|Any CPU
		{A13C1D0E-DACF-48C1-AE7B-5C7138961088}.Release|Any CPU.ActiveCfg = Release|Any CPU
		{A13C1D0E-DACF-48C1-AE7B-5C7138961088}.Release|Any CPU.Build.0 = Release|Any CPU
		{A13C1D0E-DACF-48C1-AE7B-5C7138961088}.Release|x64.ActiveCfg = Release|Any CPU
		{A13C1D0E-DACF-48C1-AE7B-5C7138961088}.Release|x64.Build.0 = Release|Any CPU
		{992C0B09-285A-4BFB-9F4A-904D2F51D457}.Debug|Any CPU.ActiveCfg = Debug|Any CPU
		{992C0B09-285A-4BFB-9F4A-904D2F51D457}.Debug|Any CPU.Build.0 = Debug|Any CPU
		{992C0B09-285A-4BFB-9F4A-904D2F51D457}.Debug|x64.ActiveCfg = Debug|x64
		{992C0B09-285A-4BFB-9F4A-904D2F51D457}.Debug|x64.Build.0 = Debug|x64
		{992C0B09-285A-4BFB-9F4A-904D2F51D457}.Publish|Any CPU.ActiveCfg = Publish|Any CPU
		{992C0B09-285A-4BFB-9F4A-904D2F51D457}.Publish|Any CPU.Build.0 = Publish|Any CPU
		{992C0B09-285A-4BFB-9F4A-904D2F51D457}.Publish|x64.ActiveCfg = Publish|x64
		{992C0B09-285A-4BFB-9F4A-904D2F51D457}.Publish|x64.Build.0 = Publish|x64
		{992C0B09-285A-4BFB-9F4A-904D2F51D457}.Release|Any CPU.ActiveCfg = Release|Any CPU
		{992C0B09-285A-4BFB-9F4A-904D2F51D457}.Release|Any CPU.Build.0 = Release|Any CPU
		{992C0B09-285A-4BFB-9F4A-904D2F51D457}.Release|x64.ActiveCfg = Release|x64
		{992C0B09-285A-4BFB-9F4A-904D2F51D457}.Release|x64.Build.0 = Release|x64
		{D139C84E-8877-4A1B-8AF3-3A259D491F7C}.Debug|Any CPU.ActiveCfg = Debug|Any CPU
		{D139C84E-8877-4A1B-8AF3-3A259D491F7C}.Debug|Any CPU.Build.0 = Debug|Any CPU
		{D139C84E-8877-4A1B-8AF3-3A259D491F7C}.Debug|x64.ActiveCfg = Debug|Any CPU
		{D139C84E-8877-4A1B-8AF3-3A259D491F7C}.Debug|x64.Build.0 = Debug|Any CPU
		{D139C84E-8877-4A1B-8AF3-3A259D491F7C}.Publish|Any CPU.ActiveCfg = Debug|Any CPU
		{D139C84E-8877-4A1B-8AF3-3A259D491F7C}.Publish|Any CPU.Build.0 = Debug|Any CPU
		{D139C84E-8877-4A1B-8AF3-3A259D491F7C}.Publish|x64.ActiveCfg = Debug|Any CPU
		{D139C84E-8877-4A1B-8AF3-3A259D491F7C}.Publish|x64.Build.0 = Debug|Any CPU
		{D139C84E-8877-4A1B-8AF3-3A259D491F7C}.Release|Any CPU.ActiveCfg = Release|Any CPU
		{D139C84E-8877-4A1B-8AF3-3A259D491F7C}.Release|Any CPU.Build.0 = Release|Any CPU
		{D139C84E-8877-4A1B-8AF3-3A259D491F7C}.Release|x64.ActiveCfg = Release|Any CPU
		{D139C84E-8877-4A1B-8AF3-3A259D491F7C}.Release|x64.Build.0 = Release|Any CPU
		{C8090C43-ED48-465B-80D6-1E3358B8EC37}.Debug|Any CPU.ActiveCfg = Debug|Any CPU
		{C8090C43-ED48-465B-80D6-1E3358B8EC37}.Debug|Any CPU.Build.0 = Debug|Any CPU
		{C8090C43-ED48-465B-80D6-1E3358B8EC37}.Debug|x64.ActiveCfg = Debug|Any CPU
		{C8090C43-ED48-465B-80D6-1E3358B8EC37}.Debug|x64.Build.0 = Debug|Any CPU
		{C8090C43-ED48-465B-80D6-1E3358B8EC37}.Publish|Any CPU.ActiveCfg = Debug|Any CPU
		{C8090C43-ED48-465B-80D6-1E3358B8EC37}.Publish|Any CPU.Build.0 = Debug|Any CPU
		{C8090C43-ED48-465B-80D6-1E3358B8EC37}.Publish|x64.ActiveCfg = Debug|Any CPU
		{C8090C43-ED48-465B-80D6-1E3358B8EC37}.Publish|x64.Build.0 = Debug|Any CPU
		{C8090C43-ED48-465B-80D6-1E3358B8EC37}.Release|Any CPU.ActiveCfg = Release|Any CPU
		{C8090C43-ED48-465B-80D6-1E3358B8EC37}.Release|Any CPU.Build.0 = Release|Any CPU
		{C8090C43-ED48-465B-80D6-1E3358B8EC37}.Release|x64.ActiveCfg = Release|Any CPU
		{C8090C43-ED48-465B-80D6-1E3358B8EC37}.Release|x64.Build.0 = Release|Any CPU
		{F9B50EFA-0A4D-4626-924C-1953C5EB5555}.Debug|Any CPU.ActiveCfg = Debug|Any CPU
		{F9B50EFA-0A4D-4626-924C-1953C5EB5555}.Debug|Any CPU.Build.0 = Debug|Any CPU
		{F9B50EFA-0A4D-4626-924C-1953C5EB5555}.Debug|x64.ActiveCfg = Debug|Any CPU
		{F9B50EFA-0A4D-4626-924C-1953C5EB5555}.Debug|x64.Build.0 = Debug|Any CPU
		{F9B50EFA-0A4D-4626-924C-1953C5EB5555}.Publish|Any CPU.ActiveCfg = Debug|Any CPU
		{F9B50EFA-0A4D-4626-924C-1953C5EB5555}.Publish|Any CPU.Build.0 = Debug|Any CPU
		{F9B50EFA-0A4D-4626-924C-1953C5EB5555}.Publish|x64.ActiveCfg = Debug|Any CPU
		{F9B50EFA-0A4D-4626-924C-1953C5EB5555}.Publish|x64.Build.0 = Debug|Any CPU
		{F9B50EFA-0A4D-4626-924C-1953C5EB5555}.Release|Any CPU.ActiveCfg = Release|Any CPU
		{F9B50EFA-0A4D-4626-924C-1953C5EB5555}.Release|Any CPU.Build.0 = Release|Any CPU
		{F9B50EFA-0A4D-4626-924C-1953C5EB5555}.Release|x64.ActiveCfg = Release|Any CPU
		{F9B50EFA-0A4D-4626-924C-1953C5EB5555}.Release|x64.Build.0 = Release|Any CPU
		{3659E472-527F-43A0-B9F1-893C5DC31147}.Debug|Any CPU.ActiveCfg = Debug|Any CPU
		{3659E472-527F-43A0-B9F1-893C5DC31147}.Debug|Any CPU.Build.0 = Debug|Any CPU
		{3659E472-527F-43A0-B9F1-893C5DC31147}.Debug|x64.ActiveCfg = Debug|Any CPU
		{3659E472-527F-43A0-B9F1-893C5DC31147}.Debug|x64.Build.0 = Debug|Any CPU
		{3659E472-527F-43A0-B9F1-893C5DC31147}.Publish|Any CPU.ActiveCfg = Debug|Any CPU
		{3659E472-527F-43A0-B9F1-893C5DC31147}.Publish|Any CPU.Build.0 = Debug|Any CPU
		{3659E472-527F-43A0-B9F1-893C5DC31147}.Publish|x64.ActiveCfg = Debug|Any CPU
		{3659E472-527F-43A0-B9F1-893C5DC31147}.Publish|x64.Build.0 = Debug|Any CPU
		{3659E472-527F-43A0-B9F1-893C5DC31147}.Release|Any CPU.ActiveCfg = Release|Any CPU
		{3659E472-527F-43A0-B9F1-893C5DC31147}.Release|Any CPU.Build.0 = Release|Any CPU
		{3659E472-527F-43A0-B9F1-893C5DC31147}.Release|x64.ActiveCfg = Release|Any CPU
		{3659E472-527F-43A0-B9F1-893C5DC31147}.Release|x64.Build.0 = Release|Any CPU
		{7319A024-4395-4C3D-AEE3-E13588B609A1}.Debug|Any CPU.ActiveCfg = Debug|Any CPU
		{7319A024-4395-4C3D-AEE3-E13588B609A1}.Debug|Any CPU.Build.0 = Debug|Any CPU
		{7319A024-4395-4C3D-AEE3-E13588B609A1}.Debug|x64.ActiveCfg = Debug|Any CPU
		{7319A024-4395-4C3D-AEE3-E13588B609A1}.Debug|x64.Build.0 = Debug|Any CPU
		{7319A024-4395-4C3D-AEE3-E13588B609A1}.Publish|Any CPU.ActiveCfg = Debug|Any CPU
		{7319A024-4395-4C3D-AEE3-E13588B609A1}.Publish|Any CPU.Build.0 = Debug|Any CPU
		{7319A024-4395-4C3D-AEE3-E13588B609A1}.Publish|x64.ActiveCfg = Debug|Any CPU
		{7319A024-4395-4C3D-AEE3-E13588B609A1}.Publish|x64.Build.0 = Debug|Any CPU
		{7319A024-4395-4C3D-AEE3-E13588B609A1}.Release|Any CPU.ActiveCfg = Release|Any CPU
		{7319A024-4395-4C3D-AEE3-E13588B609A1}.Release|Any CPU.Build.0 = Release|Any CPU
		{7319A024-4395-4C3D-AEE3-E13588B609A1}.Release|x64.ActiveCfg = Release|Any CPU
		{7319A024-4395-4C3D-AEE3-E13588B609A1}.Release|x64.Build.0 = Release|Any CPU
		{10FDDB21-6222-4E50-BE76-5E84234C11C7}.Debug|Any CPU.ActiveCfg = Debug|Any CPU
		{10FDDB21-6222-4E50-BE76-5E84234C11C7}.Debug|Any CPU.Build.0 = Debug|Any CPU
		{10FDDB21-6222-4E50-BE76-5E84234C11C7}.Debug|x64.ActiveCfg = Debug|Any CPU
		{10FDDB21-6222-4E50-BE76-5E84234C11C7}.Debug|x64.Build.0 = Debug|Any CPU
		{10FDDB21-6222-4E50-BE76-5E84234C11C7}.Publish|Any CPU.ActiveCfg = Debug|Any CPU
		{10FDDB21-6222-4E50-BE76-5E84234C11C7}.Publish|Any CPU.Build.0 = Debug|Any CPU
		{10FDDB21-6222-4E50-BE76-5E84234C11C7}.Publish|x64.ActiveCfg = Debug|Any CPU
		{10FDDB21-6222-4E50-BE76-5E84234C11C7}.Publish|x64.Build.0 = Debug|Any CPU
		{10FDDB21-6222-4E50-BE76-5E84234C11C7}.Release|Any CPU.ActiveCfg = Release|Any CPU
		{10FDDB21-6222-4E50-BE76-5E84234C11C7}.Release|Any CPU.Build.0 = Release|Any CPU
		{10FDDB21-6222-4E50-BE76-5E84234C11C7}.Release|x64.ActiveCfg = Release|Any CPU
		{10FDDB21-6222-4E50-BE76-5E84234C11C7}.Release|x64.Build.0 = Release|Any CPU
		{5AC8411B-EDB3-4D1C-9673-A8333E0E6196}.Debug|Any CPU.ActiveCfg = Debug|Any CPU
		{5AC8411B-EDB3-4D1C-9673-A8333E0E6196}.Debug|Any CPU.Build.0 = Debug|Any CPU
		{5AC8411B-EDB3-4D1C-9673-A8333E0E6196}.Debug|x64.ActiveCfg = Debug|Any CPU
		{5AC8411B-EDB3-4D1C-9673-A8333E0E6196}.Debug|x64.Build.0 = Debug|Any CPU
		{5AC8411B-EDB3-4D1C-9673-A8333E0E6196}.Publish|Any CPU.ActiveCfg = Debug|Any CPU
		{5AC8411B-EDB3-4D1C-9673-A8333E0E6196}.Publish|Any CPU.Build.0 = Debug|Any CPU
		{5AC8411B-EDB3-4D1C-9673-A8333E0E6196}.Publish|x64.ActiveCfg = Debug|Any CPU
		{5AC8411B-EDB3-4D1C-9673-A8333E0E6196}.Publish|x64.Build.0 = Debug|Any CPU
		{5AC8411B-EDB3-4D1C-9673-A8333E0E6196}.Release|Any CPU.ActiveCfg = Release|Any CPU
		{5AC8411B-EDB3-4D1C-9673-A8333E0E6196}.Release|Any CPU.Build.0 = Release|Any CPU
		{5AC8411B-EDB3-4D1C-9673-A8333E0E6196}.Release|x64.ActiveCfg = Release|Any CPU
		{5AC8411B-EDB3-4D1C-9673-A8333E0E6196}.Release|x64.Build.0 = Release|Any CPU
		{5D3D061E-A606-4DB3-BE97-A42C204B0BEB}.Debug|Any CPU.ActiveCfg = Debug|Any CPU
		{5D3D061E-A606-4DB3-BE97-A42C204B0BEB}.Debug|Any CPU.Build.0 = Debug|Any CPU
		{5D3D061E-A606-4DB3-BE97-A42C204B0BEB}.Debug|x64.ActiveCfg = Debug|Any CPU
		{5D3D061E-A606-4DB3-BE97-A42C204B0BEB}.Debug|x64.Build.0 = Debug|Any CPU
		{5D3D061E-A606-4DB3-BE97-A42C204B0BEB}.Publish|Any CPU.ActiveCfg = Debug|Any CPU
		{5D3D061E-A606-4DB3-BE97-A42C204B0BEB}.Publish|Any CPU.Build.0 = Debug|Any CPU
		{5D3D061E-A606-4DB3-BE97-A42C204B0BEB}.Publish|x64.ActiveCfg = Debug|Any CPU
		{5D3D061E-A606-4DB3-BE97-A42C204B0BEB}.Publish|x64.Build.0 = Debug|Any CPU
		{5D3D061E-A606-4DB3-BE97-A42C204B0BEB}.Release|Any CPU.ActiveCfg = Release|Any CPU
		{5D3D061E-A606-4DB3-BE97-A42C204B0BEB}.Release|Any CPU.Build.0 = Release|Any CPU
		{5D3D061E-A606-4DB3-BE97-A42C204B0BEB}.Release|x64.ActiveCfg = Release|Any CPU
		{5D3D061E-A606-4DB3-BE97-A42C204B0BEB}.Release|x64.Build.0 = Release|Any CPU
		{9D2B1F5D-854E-4972-BF59-F80DD1237600}.Debug|Any CPU.ActiveCfg = Debug|Any CPU
		{9D2B1F5D-854E-4972-BF59-F80DD1237600}.Debug|Any CPU.Build.0 = Debug|Any CPU
		{9D2B1F5D-854E-4972-BF59-F80DD1237600}.Debug|x64.ActiveCfg = Debug|Any CPU
		{9D2B1F5D-854E-4972-BF59-F80DD1237600}.Debug|x64.Build.0 = Debug|Any CPU
		{9D2B1F5D-854E-4972-BF59-F80DD1237600}.Publish|Any CPU.ActiveCfg = Debug|Any CPU
		{9D2B1F5D-854E-4972-BF59-F80DD1237600}.Publish|Any CPU.Build.0 = Debug|Any CPU
		{9D2B1F5D-854E-4972-BF59-F80DD1237600}.Publish|x64.ActiveCfg = Debug|Any CPU
		{9D2B1F5D-854E-4972-BF59-F80DD1237600}.Publish|x64.Build.0 = Debug|Any CPU
		{9D2B1F5D-854E-4972-BF59-F80DD1237600}.Release|Any CPU.ActiveCfg = Release|Any CPU
		{9D2B1F5D-854E-4972-BF59-F80DD1237600}.Release|Any CPU.Build.0 = Release|Any CPU
		{9D2B1F5D-854E-4972-BF59-F80DD1237600}.Release|x64.ActiveCfg = Release|Any CPU
		{9D2B1F5D-854E-4972-BF59-F80DD1237600}.Release|x64.Build.0 = Release|Any CPU
		{A7C0BD8B-CBEE-4923-904B-1EDA504FDE44}.Debug|Any CPU.ActiveCfg = Debug|Any CPU
		{A7C0BD8B-CBEE-4923-904B-1EDA504FDE44}.Debug|Any CPU.Build.0 = Debug|Any CPU
		{A7C0BD8B-CBEE-4923-904B-1EDA504FDE44}.Debug|x64.ActiveCfg = Debug|Any CPU
		{A7C0BD8B-CBEE-4923-904B-1EDA504FDE44}.Debug|x64.Build.0 = Debug|Any CPU
		{A7C0BD8B-CBEE-4923-904B-1EDA504FDE44}.Publish|Any CPU.ActiveCfg = Debug|Any CPU
		{A7C0BD8B-CBEE-4923-904B-1EDA504FDE44}.Publish|Any CPU.Build.0 = Debug|Any CPU
		{A7C0BD8B-CBEE-4923-904B-1EDA504FDE44}.Publish|x64.ActiveCfg = Debug|Any CPU
		{A7C0BD8B-CBEE-4923-904B-1EDA504FDE44}.Publish|x64.Build.0 = Debug|Any CPU
		{A7C0BD8B-CBEE-4923-904B-1EDA504FDE44}.Release|Any CPU.ActiveCfg = Release|Any CPU
		{A7C0BD8B-CBEE-4923-904B-1EDA504FDE44}.Release|Any CPU.Build.0 = Release|Any CPU
		{A7C0BD8B-CBEE-4923-904B-1EDA504FDE44}.Release|x64.ActiveCfg = Release|Any CPU
		{A7C0BD8B-CBEE-4923-904B-1EDA504FDE44}.Release|x64.Build.0 = Release|Any CPU
	EndGlobalSection
	GlobalSection(SolutionProperties) = preSolution
		HideSolutionNode = FALSE
	EndGlobalSection
	GlobalSection(NestedProjects) = preSolution
		{A2C694C7-9959-4753-89EF-B80B1306C791} = {9740BF75-7D3D-438A-8727-CBA74A1439D2}
		{E5D3B85A-4FA0-4D0A-8CD4-94C520F2CC1E} = {9740BF75-7D3D-438A-8727-CBA74A1439D2}
		{0AF21880-0406-4352-BADD-73C34116FE36} = {9740BF75-7D3D-438A-8727-CBA74A1439D2}
		{92D8DF5F-70FB-4EBD-889B-3E013A773C27} = {E9CA4168-75D8-4600-A152-A6DE72B5AB42}
		{8678C083-9F77-46B2-A8D8-A325818FD652} = {E9CA4168-75D8-4600-A152-A6DE72B5AB42}
		{3DF6C176-5E32-46A1-9C6D-39DC006F13A8} = {E9CA4168-75D8-4600-A152-A6DE72B5AB42}
		{A13C1D0E-DACF-48C1-AE7B-5C7138961088} = {393DC331-0AA6-4B5D-B672-8A4A31C985F2}
		{992C0B09-285A-4BFB-9F4A-904D2F51D457} = {E338A0F0-C251-4510-9734-50296EECEBDE}
		{D139C84E-8877-4A1B-8AF3-3A259D491F7C} = {E9CA4168-75D8-4600-A152-A6DE72B5AB42}
		{C8090C43-ED48-465B-80D6-1E3358B8EC37} = {6CB6A089-CAD9-4C1B-9DBB-7D94D191F152}
		{C5BA1CCE-D4FB-458C-88DA-EE2D2E50D9EE} = {3ACC1725-8F3A-4CA0-8689-F739A71C33B4}
		{F9B50EFA-0A4D-4626-924C-1953C5EB5555} = {C5BA1CCE-D4FB-458C-88DA-EE2D2E50D9EE}
		{501BC5F8-B875-4311-96C6-5979F5FBD2C9} = {3ACC1725-8F3A-4CA0-8689-F739A71C33B4}
		{3659E472-527F-43A0-B9F1-893C5DC31147} = {501BC5F8-B875-4311-96C6-5979F5FBD2C9}
		{21AEBDFA-1520-4BB8-9E49-F1591A18FD4F} = {3ACC1725-8F3A-4CA0-8689-F739A71C33B4}
		{7319A024-4395-4C3D-AEE3-E13588B609A1} = {21AEBDFA-1520-4BB8-9E49-F1591A18FD4F}
		{E3A2C062-2829-4488-9CA4-7B9E3760F7D6} = {3ACC1725-8F3A-4CA0-8689-F739A71C33B4}
		{10FDDB21-6222-4E50-BE76-5E84234C11C7} = {E3A2C062-2829-4488-9CA4-7B9E3760F7D6}
		{5AC8411B-EDB3-4D1C-9673-A8333E0E6196} = {E9CA4168-75D8-4600-A152-A6DE72B5AB42}
		{5D3D061E-A606-4DB3-BE97-A42C204B0BEB} = {6CB6A089-CAD9-4C1B-9DBB-7D94D191F152}
		{9D2B1F5D-854E-4972-BF59-F80DD1237600} = {6CB6A089-CAD9-4C1B-9DBB-7D94D191F152}
		{3307C750-1B26-456D-A31C-979D31D23A87} = {3ACC1725-8F3A-4CA0-8689-F739A71C33B4}
		{A7C0BD8B-CBEE-4923-904B-1EDA504FDE44} = {3307C750-1B26-456D-A31C-979D31D23A87}
	EndGlobalSection
	GlobalSection(ExtensibilityGlobals) = postSolution
		SolutionGuid = {266E5B5E-EE4A-4C65-BF16-1828102A7E9E}
	EndGlobalSection
EndGlobal
